// !$*UTF8*$!
{
	archiveVersion = 1;
	classes = {
	};
	objectVersion = 48;
	objects = {

/* Begin PBXBuildFile section */
		8BA870C11FA4C5E20084A69A /* AppDelegate.m in Sources */ = {isa = PBXBuildFile; fileRef = 8BA870C01FA4C5E20084A69A /* AppDelegate.m */; };
		8BA870C41FA4C5E20084A69A /* ViewController.m in Sources */ = {isa = PBXBuildFile; fileRef = 8BA870C31FA4C5E20084A69A /* ViewController.m */; };
		8BA870C71FA4C5E20084A69A /* Main.storyboard in Resources */ = {isa = PBXBuildFile; fileRef = 8BA870C51FA4C5E20084A69A /* Main.storyboard */; };
		8BA870C91FA4C5E20084A69A /* Assets.xcassets in Resources */ = {isa = PBXBuildFile; fileRef = 8BA870C81FA4C5E20084A69A /* Assets.xcassets */; };
		8BA870CC1FA4C5E20084A69A /* LaunchScreen.storyboard in Resources */ = {isa = PBXBuildFile; fileRef = 8BA870CA1FA4C5E20084A69A /* LaunchScreen.storyboard */; };
		8BA870CF1FA4C5E20084A69A /* main.m in Sources */ = {isa = PBXBuildFile; fileRef = 8BA870CE1FA4C5E20084A69A /* main.m */; };
/* End PBXBuildFile section */

/* Begin PBXFileReference section */
		8BA870BC1FA4C5E20084A69A /* categoryExample.app */ = {isa = PBXFileReference; explicitFileType = wrapper.application; includeInIndex = 0; path = categoryExample.app; sourceTree = BUILT_PRODUCTS_DIR; };
		8BA870BF1FA4C5E20084A69A /* AppDelegate.h */ = {isa = PBXFileReference; lastKnownFileType = sourcecode.c.h; path = AppDelegate.h; sourceTree = "<group>"; };
		8BA870C01FA4C5E20084A69A /* AppDelegate.m */ = {isa = PBXFileReference; lastKnownFileType = sourcecode.c.objc; path = AppDelegate.m; sourceTree = "<group>"; };
		8BA870C21FA4C5E20084A69A /* ViewController.h */ = {isa = PBXFileReference; lastKnownFileType = sourcecode.c.h; path = ViewController.h; sourceTree = "<group>"; };
		8BA870C31FA4C5E20084A69A /* ViewController.m */ = {isa = PBXFileReference; lastKnownFileType = sourcecode.c.objc; path = ViewController.m; sourceTree = "<group>"; };
		8BA870C61FA4C5E20084A69A /* Base */ = {isa = PBXFileReference; lastKnownFileType = file.storyboard; name = Base; path = Base.lproj/Main.storyboard; sourceTree = "<group>"; };
		8BA870C81FA4C5E20084A69A /* Assets.xcassets */ = {isa = PBXFileReference; lastKnownFileType = folder.assetcatalog; path = Assets.xcassets; sourceTree = "<group>"; };
		8BA870CB1FA4C5E20084A69A /* Base */ = {isa = PBXFileReference; lastKnownFileType = file.storyboard; name = Base; path = Base.lproj/LaunchScreen.storyboard; sourceTree = "<group>"; };
		8BA870CD1FA4C5E20084A69A /* Info.plist */ = {isa = PBXFileReference; lastKnownFileType = text.plist.xml; path = Info.plist; sourceTree = "<group>"; };
		8BA870CE1FA4C5E20084A69A /* main.m */ = {isa = PBXFileReference; lastKnownFileType = sourcecode.c.objc; path = main.m; sourceTree = "<group>"; };
/* End PBXFileReference section */

/* Begin PBXFrameworksBuildPhase section */
		8BA870B91FA4C5E20084A69A /* Frameworks */ = {
			isa = PBXFrameworksBuildPhase;
			buildActionMask = 2147483647;
			files = (
			);
			runOnlyForDeploymentPostprocessing = 0;
		};
/* End PBXFrameworksBuildPhase section */

/* Begin PBXGroup section */
		8BA870B31FA4C5E20084A69A = {
			isa = PBXGroup;
			children = (
				8BA870BE1FA4C5E20084A69A /* categoryExample */,
				8BA870BD1FA4C5E20084A69A /* Products */,
			);
			sourceTree = "<group>";
		};
		8BA870BD1FA4C5E20084A69A /* Products */ = {
			isa = PBXGroup;
			children = (
				8BA870BC1FA4C5E20084A69A /* categoryExample.app */,
			);
			name = Products;
			sourceTree = "<group>";
		};
		8BA870BE1FA4C5E20084A69A /* categoryExample */ = {
			isa = PBXGroup;
			children = (
				8BA870BF1FA4C5E20084A69A /* AppDelegate.h */,
				8BA870C01FA4C5E20084A69A /* AppDelegate.m */,
				8BA870C21FA4C5E20084A69A /* ViewController.h */,
				8BA870C31FA4C5E20084A69A /* ViewController.m */,
				8BA870C51FA4C5E20084A69A /* Main.storyboard */,
				8BA870C81FA4C5E20084A69A /* Assets.xcassets */,
				8BA870CA1FA4C5E20084A69A /* LaunchScreen.storyboard */,
				8BA870CD1FA4C5E20084A69A /* Info.plist */,
				8BA870CE1FA4C5E20084A69A /* main.m */,
			);
			path = categoryExample;
			sourceTree = "<group>";
		};
/* End PBXGroup section */

/* Begin PBXNativeTarget section */
		8BA870BB1FA4C5E20084A69A /* categoryExample */ = {
			isa = PBXNativeTarget;
			buildConfigurationList = 8BA870D21FA4C5E20084A69A /* Build configuration list for PBXNativeTarget "categoryExample" */;
			buildPhases = (
				8BA870B81FA4C5E20084A69A /* Sources */,
				8BA870B91FA4C5E20084A69A /* Frameworks */,
				8BA870BA1FA4C5E20084A69A /* Resources */,
			);
			buildRules = (
			);
			dependencies = (
			);
			name = categoryExample;
			productName = categoryExample;
			productReference = 8BA870BC1FA4C5E20084A69A /* categoryExample.app */;
			productType = "com.apple.product-type.application";
		};
/* End PBXNativeTarget section */

/* Begin PBXProject section */
		8BA870B41FA4C5E20084A69A /* Project object */ = {
			isa = PBXProject;
			attributes = {
				LastUpgradeCheck = 0900;
				ORGANIZATIONNAME = "Dhawal Mahajan";
				TargetAttributes = {
					8BA870BB1FA4C5E20084A69A = {
						CreatedOnToolsVersion = 9.0.1;
						ProvisioningStyle = Automatic;
					};
				};
			};
			buildConfigurationList = 8BA870B71FA4C5E20084A69A /* Build configuration list for PBXProject "categoryExample" */;
			compatibilityVersion = "Xcode 8.0";
			developmentRegion = en;
			hasScannedForEncodings = 0;
			knownRegions = (
				en,
				Base,
			);
			mainGroup = 8BA870B31FA4C5E20084A69A;
			productRefGroup = 8BA870BD1FA4C5E20084A69A /* Products */;
			projectDirPath = "";
			projectRoot = "";
			targets = (
				8BA870BB1FA4C5E20084A69A /* categoryExample */,
			);
		};
/* End PBXProject section */

/* Begin PBXResourcesBuildPhase section */
		8BA870BA1FA4C5E20084A69A /* Resources */ = {
			isa = PBXResourcesBuildPhase;
			buildActionMask = 2147483647;
			files = (
				8BA870CC1FA4C5E20084A69A /* LaunchScreen.storyboard in Resources */,
				8BA870C91FA4C5E20084A69A /* Assets.xcassets in Resources */,
				8BA870C71FA4C5E20084A69A /* Main.storyboard in Resources */,
			);
			runOnlyForDeploymentPostprocessing = 0;
		};
/* End PBXResourcesBuildPhase section */

/* Begin PBXSourcesBuildPhase section */
		8BA870B81FA4C5E20084A69A /* Sources */ = {
			isa = PBXSourcesBuildPhase;
			buildActionMask = 2147483647;
			files = (
				8BA870C41FA4C5E20084A69A /* ViewController.m in Sources */,
				8BA870CF1FA4C5E20084A69A /* main.m in Sources */,
				8BA870C11FA4C5E20084A69A /* AppDelegate.m in Sources */,
			);
			runOnlyForDeploymentPostprocessing = 0;
		};
/* End PBXSourcesBuildPhase section */

/* Begin PBXVariantGroup section */
		8BA870C51FA4C5E20084A69A /* Main.storyboard */ = {
			isa = PBXVariantGroup;
			children = (
				8BA870C61FA4C5E20084A69A /* Base */,
			);
			name = Main.storyboard;
			sourceTree = "<group>";
		};
		8BA870CA1FA4C5E20084A69A /* LaunchScreen.storyboard */ = {
			isa = PBXVariantGroup;
			children = (
				8BA870CB1FA4C5E20084A69A /* Base */,
			);
			name = LaunchScreen.storyboard;
			sourceTree = "<group>";
		};
/* End PBXVariantGroup section */

/* Begin XCBuildConfiguration section */
		8BA870D01FA4C5E20084A69A /* Debug */ = {
			isa = XCBuildConfiguration;
			buildSettings = {
				ALWAYS_SEARCH_USER_PATHS = NO;
				CLANG_ANALYZER_NONNULL = YES;
				CLANG_ANALYZER_NUMBER_OBJECT_CONVERSION = YES_AGGRESSIVE;
				CLANG_CXX_LANGUAGE_STANDARD = "gnu++14";
				CLANG_CXX_LIBRARY = "libc++";
				CLANG_ENABLE_MODULES = YES;
				CLANG_ENABLE_OBJC_ARC = YES;
				CLANG_WARN_BLOCK_CAPTURE_AUTORELEASING = YES;
				CLANG_WARN_BOOL_CONVERSION = YES;
				CLANG_WARN_COMMA = YES;
				CLANG_WARN_CONSTANT_CONVERSION = YES;
				CLANG_WARN_DIRECT_OBJC_ISA_USAGE = YES_ERROR;
				CLANG_WARN_DOCUMENTATION_COMMENTS = YES;
				CLANG_WARN_EMPTY_BODY = YES;
				CLANG_WARN_ENUM_CONVERSION = YES;
				CLANG_WARN_INFINITE_RECURSION = YES;
				CLANG_WARN_INT_CONVERSION = YES;
				CLANG_WARN_NON_LITERAL_NULL_CONVERSION = YES;
				CLANG_WARN_OBJC_LITERAL_CONVERSION = YES;
				CLANG_WARN_OBJC_ROOT_CLASS = YES_ERROR;
				CLANG_WARN_RANGE_LOOP_ANALYSIS = YES;
				CLANG_WARN_STRICT_PROTOTYPES = YES;
				CLANG_WARN_SUSPICIOUS_MOVE = YES;
				CLANG_WARN_UNGUARDED_AVAILABILITY = YES_AGGRESSIVE;
				CLANG_WARN_UNREACHABLE_CODE = YES;
				CLANG_WARN__DUPLICATE_METHOD_MATCH = YES;
				CODE_SIGN_IDENTITY = "iPhone Developer";
				COPY_PHASE_STRIP = NO;
				DEBUG_INFORMATION_FORMAT = dwarf;
				ENABLE_STRICT_OBJC_MSGSEND = YES;
				ENABLE_TESTABILITY = YES;
				GCC_C_LANGUAGE_STANDARD = gnu11;
				GCC_DYNAMIC_NO_PIC = NO;
				GCC_NO_COMMON_BLOCKS = YES;
				GCC_OPTIMIZATION_LEVEL = 0;
				GCC_PREPROCESSOR_DEFINITIONS = (
					"DEBUG=1",
					"$(inherited)",
				);
				GCC_WARN_64_TO_32_BIT_CONVERSION = YES;
				GCC_WARN_ABOUT_RETURN_TYPE = YES_ERROR;
				GCC_WARN_UNDECLARED_SELECTOR = YES;
				GCC_WARN_UNINITIALIZED_AUTOS = YES_AGGRESSIVE;
				GCC_WARN_UNUSED_FUNCTION = YES;
				GCC_WARN_UNUSED_VARIABLE = YES;
				IPHONEOS_DEPLOYMENT_TARGET = 11.0;
				MTL_ENABLE_DEBUG_INFO = YES;
				ONLY_ACTIVE_ARCH = YES;
				SDKROOT = iphoneos;
			};
			name = Debug;
		};
		8BA870D11FA4C5E20084A69A /* Release */ = {
			isa = XCBuildConfiguration;
			buildSettings = {
				ALWAYS_SEARCH_USER_PATHS = NO;
				CLANG_ANALYZER_NONNULL = YES;
				CLANG_ANALYZER_NUMBER_OBJECT_CONVERSION = YES_AGGRESSIVE;
				CLANG_CXX_LANGUAGE_STANDARD = "gnu++14";
				CLANG_CXX_LIBRARY = "libc++";
				CLANG_ENABLE_MODULES = YES;
				CLANG_ENABLE_OBJC_ARC = YES;
				CLANG_WARN_BLOCK_CAPTURE_AUTORELEASING = YES;
				CLANG_WARN_BOOL_CONVERSION = YES;
				CLANG_WARN_COMMA = YES;
				CLANG_WARN_CONSTANT_CONVERSION = YES;
				CLANG_WARN_DIRECT_OBJC_ISA_USAGE = YES_ERROR;
				CLANG_WARN_DOCUMENTATION_COMMENTS = YES;
				CLANG_WARN_EMPTY_BODY = YES;
				CLANG_WARN_ENUM_CONVERSION = YES;
				CLANG_WARN_INFINITE_RECURSION = YES;
				CLANG_WARN_INT_CONVERSION = YES;
				CLANG_WARN_NON_LITERAL_NULL_CONVERSION = YES;
				CLANG_WARN_OBJC_LITERAL_CONVERSION = YES;
				CLANG_WARN_OBJC_ROOT_CLASS = YES_ERROR;
				CLANG_WARN_RANGE_LOOP_ANALYSIS = YES;
				CLANG_WARN_STRICT_PROTOTYPES = YES;
				CLANG_WARN_SUSPICIOUS_MOVE = YES;
				CLANG_WARN_UNGUARDED_AVAILABILITY = YES_AGGRESSIVE;
				CLANG_WARN_UNREACHABLE_CODE = YES;
				CLANG_WARN__DUPLICATE_METHOD_MATCH = YES;
				CODE_SIGN_IDENTITY = "iPhone Developer";
				COPY_PHASE_STRIP = NO;
				DEBUG_INFORMATION_FORMAT = "dwarf-with-dsym";
				ENABLE_NS_ASSERTIONS = NO;
				ENABLE_STRICT_OBJC_MSGSEND = YES;
				GCC_C_LANGUAGE_STANDARD = gnu11;
				GCC_NO_COMMON_BLOCKS = YES;
				GCC_WARN_64_TO_32_BIT_CONVERSION = YES;
				GCC_WARN_ABOUT_RETURN_TYPE = YES_ERROR;
				GCC_WARN_UNDECLARED_SELECTOR = YES;
				GCC_WARN_UNINITIALIZED_AUTOS = YES_AGGRESSIVE;
				GCC_WARN_UNUSED_FUNCTION = YES;
				GCC_WARN_UNUSED_VARIABLE = YES;
				IPHONEOS_DEPLOYMENT_TARGET = 11.0;
				MTL_ENABLE_DEBUG_INFO = NO;
				SDKROOT = iphoneos;
				VALIDATE_PRODUCT = YES;
			};
			name = Release;
		};
		8BA870D31FA4C5E20084A69A /* Debug */ = {
			isa = XCBuildConfiguration;
			buildSettings = {
				ASSETCATALOG_COMPILER_APPICON_NAME = AppIcon;
				CODE_SIGN_STYLE = Automatic;
				INFOPLIST_FILE = categoryExample/Info.plist;
				LD_RUNPATH_SEARCH_PATHS = "$(inherited) @executable_path/Frameworks";
				PRODUCT_BUNDLE_IDENTIFIER = "Dhawal-Mahajan.categoryExample";
				PRODUCT_NAME = "$(TARGET_NAME)";
				TARGETED_DEVICE_FAMILY = "1,2";
			};
			name = Debug;
		};
		8BA870D41FA4C5E20084A69A /* Release */ = {
			isa = XCBuildConfiguration;
			buildSettings = {
				ASSETCATALOG_COMPILER_APPICON_NAME = AppIcon;
				CODE_SIGN_STYLE = Automatic;
				INFOPLIST_FILE = categoryExample/Info.plist;
				LD_RUNPATH_SEARCH_PATHS = "$(inherited) @executable_path/Frameworks";
				PRODUCT_BUNDLE_IDENTIFIER = "Dhawal-Mahajan.categoryExample";
				PRODUCT_NAME = "$(TARGET_NAME)";
				TARGETED_DEVICE_FAMILY = "1,2";
			};
			name = Release;
		};
/* End XCBuildConfiguration section */

/* Begin XCConfigurationList section */
		8BA870B71FA4C5E20084A69A /* Build configuration list for PBXProject "categoryExample" */ = {
			isa = XCConfigurationList;
			buildConfigurations = (
				8BA870D01FA4C5E20084A69A /* Debug */,
				8BA870D11FA4C5E20084A69A /* Release */,
			);
			defaultConfigurationIsVisible = 0;
			defaultConfigurationName = Release;
		};
		8BA870D21FA4C5E20084A69A /* Build configuration list for PBXNativeTarget "categoryExample" */ = {
			isa = XCConfigurationList;
			buildConfigurations = (
				8BA870D31FA4C5E20084A69A /* Debug */,
				8BA870D41FA4C5E20084A69A /* Release */,
			);
			defaultConfigurationIsVisible = 0;
			defaultConfigurationName = Release;
		};
/* End XCConfigurationList section */
	};
	rootObject = 8BA870B41FA4C5E20084A69A /* Project object */;
}
